{
  "nodes": {
    "by-name": {
      "inputs": {
        "nixpkgs-lib": [
          "nixpkgs"
        ]
      },
      "locked": {
        "lastModified": 1735780273,
        "narHash": "sha256-3jKBWVsnGvxyHXKNzFUr8YdpgllQxsk/2KlGYqr+D4M=",
        "owner": "bb010g",
        "repo": "by-name.nix",
        "rev": "3a9af2b7987365f291a9b2cc9fdef34d0e78d5ea",
        "type": "github"
      },
      "original": {
        "owner": "bb010g",
        "repo": "by-name.nix",
        "type": "github"
      }
    },
    "emi": {
      "inputs": {
        "flake-parts": [
          "flake-parts"
        ],
        "nixpkgs": [
          "nixpkgs"
        ],
        "systems": "systems",
        "treefmt-nix": "treefmt-nix"
      },
      "locked": {
        "lastModified": 1747276446,
        "narHash": "sha256-aiZyeRYklRzTvjwLhA0OHbVthKwCxLUhgNAG3jgCA2I=",
        "owner": "catgirl-v",
        "repo": "emi",
        "rev": "76f8bf950e6eb9f674ea690448f909ae5b5c0cb5",
        "type": "github"
      },
      "original": {
        "owner": "catgirl-v",
        "ref": "1.20",
        "repo": "emi",
        "type": "github"
      }
    },
    "flake-parts": {
      "inputs": {
        "nixpkgs-lib": [
          "nixpkgs"
        ]
      },
      "locked": {
        "lastModified": 1741352980,
        "narHash": "sha256-+u2UunDA4Cl5Fci3m7S643HzKmIDAe+fiXrLqYsR2fs=",
        "owner": "hercules-ci",
        "repo": "flake-parts",
        "rev": "f4330d22f1c5d2ba72d3d22df5597d123fdb60a9",
        "type": "github"
      },
      "original": {
        "owner": "hercules-ci",
        "repo": "flake-parts",
        "type": "github"
      }
    },
    "lix-quick-install-action": {
      "flake": false,
      "locked": {
        "lastModified": 1747119692,
        "narHash": "sha256-y731wCJNl1Zu9F5VEkCkFsftdp0y0H85xluDw7Ad61w=",
        "owner": "canidae-solutions",
        "repo": "lix-quick-install-action",
        "rev": "19a6294e090ac1e9f84a2adaef11fd86a9ea5de1",
        "type": "github"
      },
      "original": {
        "owner": "canidae-solutions",
        "ref": "v3",
        "repo": "lix-quick-install-action",
        "type": "github"
      }
    },
    "nix2container": {
      "flake": false,
      "locked": {
        "lastModified": 1742501024,
        "narHash": "sha256-4G0RaAkRQY8Oty0WjoDfIkEAkX7PckUqUGjAQrxhDiA=",
        "owner": "nlewo",
        "repo": "nix2container",
        "rev": "e6315c8307edf2938ae24df0e28b47ca865121de",
        "type": "github"
      },
      "original": {
        "owner": "nlewo",
        "repo": "nix2container",
        "type": "github"
      }
    },
    "nixpkgs": {
      "locked": {
        "lastModified": 1742669843,
        "narHash": "sha256-G5n+FOXLXcRx+3hCJ6Rt6ZQyF1zqQ0DL0sWAMn2Nk0w=",
        "owner": "NixOS",
        "repo": "nixpkgs",
        "rev": "1e5b653dff12029333a6546c11e108ede13052eb",
        "type": "github"
      },
      "original": {
        "owner": "NixOS",
        "ref": "nixos-unstable",
        "repo": "nixpkgs",
        "type": "github"
      }
    },
    "root": {
      "inputs": {
        "by-name": "by-name",
        "emi": "emi",
        "flake-parts": "flake-parts",
        "lix-quick-install-action": "lix-quick-install-action",
        "nix2container": "nix2container",
        "nixpkgs": "nixpkgs"
      }
    },
    "systems": {
      "flake": false,
      "locked": {
        "lastModified": 1681028828,
        "narHash": "sha256-Vy1rq5AaRuLzOxct8nz4T6wlgyUR7zLU309k9mBC768=",
        "owner": "nix-systems",
        "repo": "default",
        "rev": "da67096a3b9bf56a91d16901293e51ba5b49a27e",
        "type": "github"
      },
      "original": {
        "owner": "nix-systems",
        "repo": "default",
        "type": "github"
      }
    },
    "treefmt-nix": {
      "inputs": {
        "nixpkgs": [
          "emi",
          "nixpkgs"
        ]
      },
      "locked": {
        "lastModified": 1746989248,
        "narHash": "sha256-uoQ21EWsAhyskNo8QxrTVZGjG/dV4x5NM1oSgrmNDJY=",
        "owner": "numtide",
        "repo": "treefmt-nix",
        "rev": "708ec80ca82e2bbafa93402ccb66a35ff87900c5",
        "type": "github"
      },
      "original": {
        "owner": "numtide",
        "repo": "treefmt-nix",
        "type": "github"
      }
    }
  },
  "root": "root",
  "version": 7
}
